
Microsoft Visual Studio Solution File, Format Version 12.00
# Visual Studio 14
VisualStudioVersion = 14.0.25420.1
MinimumVisualStudioVersion = 10.0.40219.1
Project("{FAE04EC0-301F-11D3-BF4B-00C04F79EFBC}") = "DLL", "DLL\DLL.csproj", "{3F79CEB1-819F-4318-A051-FD20EF83BC2C}"
EndProject
Project("{FAE04EC0-301F-11D3-BF4B-00C04F79EFBC}") = "Admin", "Admin\Admin.csproj", "{F89CBD9C-E31A-4BC8-8548-400ED7EBFD74}"
EndProject
Project("{FAE04EC0-301F-11D3-BF4B-00C04F79EFBC}") = "Shop", "Shop\Shop.csproj", "{18649E00-E71D-45EB-8AA8-804FDF3454F8}"
EndProject
Global
	GlobalSection(SolutionConfigurationPlatforms) = preSolution
		Debug|Any CPU = Debug|Any CPU
		Release|Any CPU = Release|Any CPU
	EndGlobalSection
	GlobalSection(ProjectConfigurationPlatforms) = postSolution
		{3F79CEB1-819F-4318-A051-FD20EF83BC2C}.Debug|Any CPU.ActiveCfg = Debug|Any CPU
		{3F79CEB1-819F-4318-A051-FD20EF83BC2C}.Debug|Any CPU.Build.0 = Debug|Any CPU
		{3F79CEB1-819F-4318-A051-FD20EF83BC2C}.Release|Any CPU.ActiveCfg = Release|Any CPU
		{3F79CEB1-819F-4318-A051-FD20EF83BC2C}.Release|Any CPU.Build.0 = Release|Any CPU
		{F89CBD9C-E31A-4BC8-8548-400ED7EBFD74}.Debug|Any CPU.ActiveCfg = Debug|Any CPU
		{F89CBD9C-E31A-4BC8-8548-400ED7EBFD74}.Debug|Any CPU.Build.0 = Debug|Any CPU
		{F89CBD9C-E31A-4BC8-8548-400ED7EBFD74}.Release|Any CPU.ActiveCfg = Release|Any CPU
		{F89CBD9C-E31A-4BC8-8548-400ED7EBFD74}.Release|Any CPU.Build.0 = Release|Any CPU
		{18649E00-E71D-45EB-8AA8-804FDF3454F8}.Debug|Any CPU.ActiveCfg = Debug|Any CPU
		{18649E00-E71D-45EB-8AA8-804FDF3454F8}.Debug|Any CPU.Build.0 = Debug|Any CPU
		{18649E00-E71D-45EB-8AA8-804FDF3454F8}.Release|Any CPU.ActiveCfg = Release|Any CPU
		{18649E00-E71D-45EB-8AA8-804FDF3454F8}.Release|Any CPU.Build.0 = Release|Any CPU
	EndGlobalSection
	GlobalSection(SolutionProperties) = preSolution
		HideSolutionNode = FALSE
	EndGlobalSection
EndGlobal
